
Microsoft Visual Studio Solution File, Format Version 12.00
# Visual Studio Version 16
VisualStudioVersion = 16.0.30002.166
MinimumVisualStudioVersion = 10.0.40219.1
Project("{FAE04EC0-301F-11D3-BF4B-00C04F79EFBC}") = "PluralSightTestTest", "PluralSightTestTest.csproj", "{DDAAEF69-FD3F-4E79-A22F-B94020FE5794}"
EndProject
Global
	GlobalSection(SolutionConfigurationPlatforms) = preSolution
		Debug|Any CPU = Debug|Any CPU
		Release|Any CPU = Release|Any CPU
	EndGlobalSection
	GlobalSection(ProjectConfigurationPlatforms) = postSolution
		{DDAAEF69-FD3F-4E79-A22F-B94020FE5794}.Debug|Any CPU.ActiveCfg = Debug|Any CPU
		{DDAAEF69-FD3F-4E79-A22F-B94020FE5794}.Debug|Any CPU.Build.0 = Debug|Any CPU
		{DDAAEF69-FD3F-4E79-A22F-B94020FE5794}.Release|Any CPU.ActiveCfg = Release|Any CPU
		{DDAAEF69-FD3F-4E79-A22F-B94020FE5794}.Release|Any CPU.Build.0 = Release|Any CPU
	EndGlobalSection
	GlobalSection(SolutionProperties) = preSolution
		HideSolutionNode = FALSE
	EndGlobalSection
	GlobalSection(ExtensibilityGlobals) = postSolution
		SolutionGuid = {D9AD1590-A814-47E9-A252-8E5558C27406}
	EndGlobalSection
EndGlobal
