
Microsoft Visual Studio Solution File, Format Version 12.00
# Visual Studio Version 16
VisualStudioVersion = 16.0.29009.5
MinimumVisualStudioVersion = 10.0.40219.1
Project("{9A19103F-16F7-4668-BE54-9A1E7A4F7556}") = "OOP", "OOP\OOP.csproj", "{9C66E11A-99D9-4DBE-A7CE-B37B2643D721}"
EndProject
Project("{FAE04EC0-301F-11D3-BF4B-00C04F79EFBC}") = "Encapsulation", "Encapsulation\Encapsulation.csproj", "{386D80E2-2938-409B-BF0E-05B39EBE949B}"
EndProject
Global
	GlobalSection(SolutionConfigurationPlatforms) = preSolution
		Debug|Any CPU = Debug|Any CPU
		Release|Any CPU = Release|Any CPU
	EndGlobalSection
	GlobalSection(ProjectConfigurationPlatforms) = postSolution
		{9C66E11A-99D9-4DBE-A7CE-B37B2643D721}.Debug|Any CPU.ActiveCfg = Debug|Any CPU
		{9C66E11A-99D9-4DBE-A7CE-B37B2643D721}.Debug|Any CPU.Build.0 = Debug|Any CPU
		{9C66E11A-99D9-4DBE-A7CE-B37B2643D721}.Release|Any CPU.ActiveCfg = Release|Any CPU
		{9C66E11A-99D9-4DBE-A7CE-B37B2643D721}.Release|Any CPU.Build.0 = Release|Any CPU
		{386D80E2-2938-409B-BF0E-05B39EBE949B}.Debug|Any CPU.ActiveCfg = Debug|Any CPU
		{386D80E2-2938-409B-BF0E-05B39EBE949B}.Debug|Any CPU.Build.0 = Debug|Any CPU
		{386D80E2-2938-409B-BF0E-05B39EBE949B}.Release|Any CPU.ActiveCfg = Release|Any CPU
		{386D80E2-2938-409B-BF0E-05B39EBE949B}.Release|Any CPU.Build.0 = Release|Any CPU
	EndGlobalSection
	GlobalSection(SolutionProperties) = preSolution
		HideSolutionNode = FALSE
	EndGlobalSection
	GlobalSection(ExtensibilityGlobals) = postSolution
		SolutionGuid = {848D51DE-E002-40A8-8CBB-1E41C7785212}
	EndGlobalSection
EndGlobal
